
Microsoft Visual Studio Solution File, Format Version 12.00
# Visual Studio 15
VisualStudioVersion = 15.0.26730.12
MinimumVisualStudioVersion = 10.0.40219.1
Project("{FAE04EC0-301F-11D3-BF4B-00C04F79EFBC}") = "ReflectionExamples", "ReflectionExamples\ReflectionExamples.csproj", "{DE360625-7DBD-41DB-946F-7F97F5FCF674}"
EndProject
Global
	GlobalSection(SolutionConfigurationPlatforms) = preSolution
		Debug|Any CPU = Debug|Any CPU
		Release|Any CPU = Release|Any CPU
	EndGlobalSection
	GlobalSection(ProjectConfigurationPlatforms) = postSolution
		{DE360625-7DBD-41DB-946F-7F97F5FCF674}.Debug|Any CPU.ActiveCfg = Debug|Any CPU
		{DE360625-7DBD-41DB-946F-7F97F5FCF674}.Debug|Any CPU.Build.0 = Debug|Any CPU
		{DE360625-7DBD-41DB-946F-7F97F5FCF674}.Release|Any CPU.ActiveCfg = Release|Any CPU
		{DE360625-7DBD-41DB-946F-7F97F5FCF674}.Release|Any CPU.Build.0 = Release|Any CPU
	EndGlobalSection
	GlobalSection(SolutionProperties) = preSolution
		HideSolutionNode = FALSE
	EndGlobalSection
	GlobalSection(ExtensibilityGlobals) = postSolution
		SolutionGuid = {FA98E0B9-EEB2-4805-8571-407490E2B8E3}
	EndGlobalSection
EndGlobal
